
Microsoft Visual Studio Solution File, Format Version 12.00
# Visual Studio Version 16
VisualStudioVersion = 16.0.29001.49
MinimumVisualStudioVersion = 10.0.40219.1
Project("{FAE04EC0-301F-11D3-BF4B-00C04F79EFBC}") = "PlanITFacebookProj", "PlanITFacebookProj\PlanITFacebookProj.csproj", "{2C5CB52C-55F4-4C28-96EB-FA411F2629EA}"
EndProject
Global
	GlobalSection(SolutionConfigurationPlatforms) = preSolution
		Debug|Any CPU = Debug|Any CPU
		Release|Any CPU = Release|Any CPU
	EndGlobalSection
	GlobalSection(ProjectConfigurationPlatforms) = postSolution
		{2C5CB52C-55F4-4C28-96EB-FA411F2629EA}.Debug|Any CPU.ActiveCfg = Debug|Any CPU
		{2C5CB52C-55F4-4C28-96EB-FA411F2629EA}.Debug|Any CPU.Build.0 = Debug|Any CPU
		{2C5CB52C-55F4-4C28-96EB-FA411F2629EA}.Release|Any CPU.ActiveCfg = Release|Any CPU
		{2C5CB52C-55F4-4C28-96EB-FA411F2629EA}.Release|Any CPU.Build.0 = Release|Any CPU
	EndGlobalSection
	GlobalSection(SolutionProperties) = preSolution
		HideSolutionNode = FALSE
	EndGlobalSection
	GlobalSection(ExtensibilityGlobals) = postSolution
		SolutionGuid = {CAC91ADE-AA4F-4088-AE6C-D4EF5D1C583D}
	EndGlobalSection
EndGlobal
